
Microsoft Visual Studio Solution File, Format Version 12.00
# Visual Studio Version 17
VisualStudioVersion = 17.5.33530.505
MinimumVisualStudioVersion = 10.0.40219.1
Project("{9A19103F-16F7-4668-BE54-9A1E7A4F7556}") = "FigureToolsLib", "FigureToolsLib\FigureToolsLib.csproj", "{B932D800-FDA0-4D53-8A21-765DC7C832B7}"
EndProject
Project("{FAE04EC0-301F-11D3-BF4B-00C04F79EFBC}") = "FigureToolsLib_Tests", "FigureToolsLib_Tests\FigureToolsLib_Tests.csproj", "{7C0E00A8-E0B1-41AD-9E32-7C54D339C322}"
	ProjectSection(ProjectDependencies) = postProject
		{B932D800-FDA0-4D53-8A21-765DC7C832B7} = {B932D800-FDA0-4D53-8A21-765DC7C832B7}
	EndProjectSection
EndProject
Global
	GlobalSection(SolutionConfigurationPlatforms) = preSolution
		Debug|Any CPU = Debug|Any CPU
		Release|Any CPU = Release|Any CPU
	EndGlobalSection
	GlobalSection(ProjectConfigurationPlatforms) = postSolution
		{B932D800-FDA0-4D53-8A21-765DC7C832B7}.Debug|Any CPU.ActiveCfg = Debug|Any CPU
		{B932D800-FDA0-4D53-8A21-765DC7C832B7}.Debug|Any CPU.Build.0 = Debug|Any CPU
		{B932D800-FDA0-4D53-8A21-765DC7C832B7}.Release|Any CPU.ActiveCfg = Release|Any CPU
		{B932D800-FDA0-4D53-8A21-765DC7C832B7}.Release|Any CPU.Build.0 = Release|Any CPU
		{7C0E00A8-E0B1-41AD-9E32-7C54D339C322}.Debug|Any CPU.ActiveCfg = Debug|Any CPU
		{7C0E00A8-E0B1-41AD-9E32-7C54D339C322}.Debug|Any CPU.Build.0 = Debug|Any CPU
		{7C0E00A8-E0B1-41AD-9E32-7C54D339C322}.Release|Any CPU.ActiveCfg = Release|Any CPU
		{7C0E00A8-E0B1-41AD-9E32-7C54D339C322}.Release|Any CPU.Build.0 = Release|Any CPU
	EndGlobalSection
	GlobalSection(SolutionProperties) = preSolution
		HideSolutionNode = FALSE
	EndGlobalSection
	GlobalSection(ExtensibilityGlobals) = postSolution
		SolutionGuid = {1343BE36-7FAC-4D12-8C39-59450501064B}
	EndGlobalSection
EndGlobal
